
Microsoft Visual Studio Solution File, Format Version 12.00
# Visual Studio Version 17
VisualStudioVersion = 17.11.35312.102
MinimumVisualStudioVersion = 10.0.40219.1
Project("{FAE04EC0-301F-11D3-BF4B-00C04F79EFBC}") = "halıDemoApp", "halıDemoApp\halıDemoApp.csproj", "{CE7E7231-CD14-43F4-9A8D-7ADD302504DC}"
EndProject
Global
	GlobalSection(SolutionConfigurationPlatforms) = preSolution
		Debug|Any CPU = Debug|Any CPU
		Release|Any CPU = Release|Any CPU
	EndGlobalSection
	GlobalSection(ProjectConfigurationPlatforms) = postSolution
		{CE7E7231-CD14-43F4-9A8D-7ADD302504DC}.Debug|Any CPU.ActiveCfg = Debug|Any CPU
		{CE7E7231-CD14-43F4-9A8D-7ADD302504DC}.Debug|Any CPU.Build.0 = Debug|Any CPU
		{CE7E7231-CD14-43F4-9A8D-7ADD302504DC}.Release|Any CPU.ActiveCfg = Release|Any CPU
		{CE7E7231-CD14-43F4-9A8D-7ADD302504DC}.Release|Any CPU.Build.0 = Release|Any CPU
	EndGlobalSection
	GlobalSection(SolutionProperties) = preSolution
		HideSolutionNode = FALSE
	EndGlobalSection
	GlobalSection(ExtensibilityGlobals) = postSolution
		SolutionGuid = {AC996260-7858-4600-9D2E-5B45F84683D2}
	EndGlobalSection
EndGlobal
